
Microsoft Visual Studio Solution File, Format Version 12.00
# Visual Studio Version 17
VisualStudioVersion = 17.7.34031.279
MinimumVisualStudioVersion = 10.0.40219.1
Project("{FAE04EC0-301F-11D3-BF4B-00C04F79EFBC}") = "ASP.NET Plamena", "ASP.NET Plamena\ASP.NET Plamena.csproj", "{689463AA-C377-4070-A01D-FE389E71913F}"
EndProject
Global
	GlobalSection(SolutionConfigurationPlatforms) = preSolution
		Debug|Any CPU = Debug|Any CPU
		Release|Any CPU = Release|Any CPU
	EndGlobalSection
	GlobalSection(ProjectConfigurationPlatforms) = postSolution
		{689463AA-C377-4070-A01D-FE389E71913F}.Debug|Any CPU.ActiveCfg = Debug|Any CPU
		{689463AA-C377-4070-A01D-FE389E71913F}.Debug|Any CPU.Build.0 = Debug|Any CPU
		{689463AA-C377-4070-A01D-FE389E71913F}.Release|Any CPU.ActiveCfg = Release|Any CPU
		{689463AA-C377-4070-A01D-FE389E71913F}.Release|Any CPU.Build.0 = Release|Any CPU
	EndGlobalSection
	GlobalSection(SolutionProperties) = preSolution
		HideSolutionNode = FALSE
	EndGlobalSection
	GlobalSection(ExtensibilityGlobals) = postSolution
		SolutionGuid = {E8CBBA84-8C72-49E6-A818-5A2DD8212FAC}
	EndGlobalSection
EndGlobal
